
Microsoft Visual Studio Solution File, Format Version 12.00
# Visual Studio Version 16
VisualStudioVersion = 16.0.29806.167
MinimumVisualStudioVersion = 10.0.40219.1
Project("{FAE04EC0-301F-11D3-BF4B-00C04F79EFBC}") = "Ukol_A", "Ukol_A\Ukol_A.csproj", "{090AFE84-7836-4BD1-A1F9-71C9818E94EF}"
EndProject
Project("{FAE04EC0-301F-11D3-BF4B-00C04F79EFBC}") = "GraphService", "GraphService\GraphService.csproj", "{5F7B58C6-8CAD-4C45-85A3-EB1C1DE560C7}"
EndProject
Global
	GlobalSection(SolutionConfigurationPlatforms) = preSolution
		Debug|Any CPU = Debug|Any CPU
		Release|Any CPU = Release|Any CPU
	EndGlobalSection
	GlobalSection(ProjectConfigurationPlatforms) = postSolution
		{090AFE84-7836-4BD1-A1F9-71C9818E94EF}.Debug|Any CPU.ActiveCfg = Debug|Any CPU
		{090AFE84-7836-4BD1-A1F9-71C9818E94EF}.Debug|Any CPU.Build.0 = Debug|Any CPU
		{090AFE84-7836-4BD1-A1F9-71C9818E94EF}.Release|Any CPU.ActiveCfg = Release|Any CPU
		{090AFE84-7836-4BD1-A1F9-71C9818E94EF}.Release|Any CPU.Build.0 = Release|Any CPU
		{5F7B58C6-8CAD-4C45-85A3-EB1C1DE560C7}.Debug|Any CPU.ActiveCfg = Debug|Any CPU
		{5F7B58C6-8CAD-4C45-85A3-EB1C1DE560C7}.Debug|Any CPU.Build.0 = Debug|Any CPU
		{5F7B58C6-8CAD-4C45-85A3-EB1C1DE560C7}.Release|Any CPU.ActiveCfg = Release|Any CPU
		{5F7B58C6-8CAD-4C45-85A3-EB1C1DE560C7}.Release|Any CPU.Build.0 = Release|Any CPU
	EndGlobalSection
	GlobalSection(SolutionProperties) = preSolution
		HideSolutionNode = FALSE
	EndGlobalSection
	GlobalSection(ExtensibilityGlobals) = postSolution
		SolutionGuid = {975D3FD3-09D9-4107-8DD7-AA6A181AD6A1}
	EndGlobalSection
EndGlobal
